
Microsoft Visual Studio Solution File, Format Version 12.00
# Visual Studio Version 16
VisualStudioVersion = 16.0.29230.47
MinimumVisualStudioVersion = 10.0.40219.1
Project("{FAE04EC0-301F-11D3-BF4B-00C04F79EFBC}") = "TPGitHub", "TPGitHub\TPGitHub.csproj", "{485BA38C-E038-4DF4-AC39-1D63D5ED9A47}"
EndProject
Project("{FAE04EC0-301F-11D3-BF4B-00C04F79EFBC}") = "MetierGit", "MetierGit\MetierGit.csproj", "{2EA6CB6D-884D-4851-9F04-E36A6573916D}"
EndProject
Global
	GlobalSection(SolutionConfigurationPlatforms) = preSolution
		Debug|Any CPU = Debug|Any CPU
		Release|Any CPU = Release|Any CPU
	EndGlobalSection
	GlobalSection(ProjectConfigurationPlatforms) = postSolution
		{485BA38C-E038-4DF4-AC39-1D63D5ED9A47}.Debug|Any CPU.ActiveCfg = Debug|Any CPU
		{485BA38C-E038-4DF4-AC39-1D63D5ED9A47}.Debug|Any CPU.Build.0 = Debug|Any CPU
		{485BA38C-E038-4DF4-AC39-1D63D5ED9A47}.Release|Any CPU.ActiveCfg = Release|Any CPU
		{485BA38C-E038-4DF4-AC39-1D63D5ED9A47}.Release|Any CPU.Build.0 = Release|Any CPU
		{2EA6CB6D-884D-4851-9F04-E36A6573916D}.Debug|Any CPU.ActiveCfg = Debug|Any CPU
		{2EA6CB6D-884D-4851-9F04-E36A6573916D}.Debug|Any CPU.Build.0 = Debug|Any CPU
		{2EA6CB6D-884D-4851-9F04-E36A6573916D}.Release|Any CPU.ActiveCfg = Release|Any CPU
		{2EA6CB6D-884D-4851-9F04-E36A6573916D}.Release|Any CPU.Build.0 = Release|Any CPU
	EndGlobalSection
	GlobalSection(SolutionProperties) = preSolution
		HideSolutionNode = FALSE
	EndGlobalSection
	GlobalSection(ExtensibilityGlobals) = postSolution
		SolutionGuid = {A2040369-E353-47C6-90F8-73D9D40148D2}
	EndGlobalSection
EndGlobal
